# THIS IS AN AUTOGENERATED FILE. DO NOT EDIT THIS FILE DIRECTLY.
# yarn lockfile v1


figlet@^1.2.3:
  version "1.2.3"
  resolved "https://registry.yarnpkg.com/figlet/-/figlet-1.2.3.tgz#7d25df546f41fc411c2a8b88012d48d55de72129"
  integrity sha512-+F5zdvZ66j77b8x2KCPvWUHC0UCKUMWrewxmewgPlagp3wmDpcrHMbyv/ygq/6xoxBPGQA+UJU3SMoBzKoROQQ==

uuid@^3.3.2:
  version "3.3.2"
  resolved "https://registry.yarnpkg.com/uuid/-/uuid-3.3.2.tgz#1b4af4955eb3077c501c23872fc6513811587131"
  integrity sha512-yXJmeNaw3DnnKAOKJE51sL/ZaYfWJRl1pK9dr19YFCu0ObS231AB1/LbqTKRAQ5kw8A90rA6fr4riOUpTZvQZA==
