{
  "name": "aws-lambda-serverless-reference-layers-figlet",
  "version": "0.0.1",
  "lockfileVersion": 1,
  "requires": true,
  "dependencies": {
    "figlet": {
      "version": "1.2.3",
      "resolved": "https://registry.npmjs.org/figlet/-/figlet-1.2.3.tgz",
      "integrity": "sha512-+F5zdvZ66j77b8x2KCPvWUHC0UCKUMWrewxmewgPlagp3wmDpcrHMbyv/ygq/6xoxBPGQA+UJU3SMoBzKoROQQ=="
    }
  }
}
